
Microsoft Visual Studio Solution File, Format Version 12.00
# Visual Studio Version 16
VisualStudioVersion = 16.0.31702.278
MinimumVisualStudioVersion = 10.0.40219.1
Project("{2150E333-8FDC-42A3-9474-1A3956D46DE8}") = "Doc", "Doc", "{B6CAE472-B0B4-45E0-8AA8-CC0472962BD0}"
EndProject
Project("{2150E333-8FDC-42A3-9474-1A3956D46DE8}") = "Src", "Src", "{33F12BA3-C724-432D-A745-C5C9A5AF245C}"
EndProject
Project("{2150E333-8FDC-42A3-9474-1A3956D46DE8}") = "Test", "Test", "{F5DC1489-021E-4E26-8A39-3FF7D9BF24B3}"
EndProject
Project("{2150E333-8FDC-42A3-9474-1A3956D46DE8}") = "Core", "Core", "{826CBAA6-DBCD-449D-8F69-6924E8C67A03}"
EndProject
Project("{2150E333-8FDC-42A3-9474-1A3956D46DE8}") = "Infrastructure", "Infrastructure", "{1C83EF02-B24A-4A18-9F9F-F9F873F36B2E}"
EndProject
Project("{2150E333-8FDC-42A3-9474-1A3956D46DE8}") = "Presentation", "Presentation", "{877D8192-9E9D-4BC3-B31D-8C76306A1C25}"
EndProject
Project("{2150E333-8FDC-42A3-9474-1A3956D46DE8}") = "Common", "Common", "{F96FB934-830A-4121-B1A5-3D3A8E6204EC}"
EndProject
Project("{FAE04EC0-301F-11D3-BF4B-00C04F79EFBC}") = "ProjectOne.Domian", "ProjectOne.Domian\ProjectOne.Domian.csproj", "{B91C2F7E-38B8-43B7-AFF9-AEB7EA6A9309}"
EndProject
Project("{FAE04EC0-301F-11D3-BF4B-00C04F79EFBC}") = "ProjectOne.Application", "ProjectOne.Application\ProjectOne.Application.csproj", "{074AF54E-A8B0-4E41-8731-0ECE05717F13}"
EndProject
Project("{FAE04EC0-301F-11D3-BF4B-00C04F79EFBC}") = "ProjectOne.Infrastructure", "ProjectOne.Infrastructure\ProjectOne.Infrastructure.csproj", "{8FAD21A3-79C9-47CC-BA15-A89006D664AE}"
EndProject
Project("{FAE04EC0-301F-11D3-BF4B-00C04F79EFBC}") = "ProjectOne.Persistence", "ProjectOne.Persistence\ProjectOne.Persistence.csproj", "{03BF5B6D-326B-4DD8-8CB6-B7BCED9229E7}"
EndProject
Project("{FAE04EC0-301F-11D3-BF4B-00C04F79EFBC}") = "ProjectOne.Common", "ProjectOne.Common\ProjectOne.Common.csproj", "{EF283763-D023-4B08-9889-77B49B8ADACC}"
EndProject
Project("{FAE04EC0-301F-11D3-BF4B-00C04F79EFBC}") = "Endpoint.Site", "Endpoint.Site\Endpoint.Site.csproj", "{7919AA67-BAD5-44F5-B935-E3C1946FBA78}"
EndProject
Global
	GlobalSection(SolutionConfigurationPlatforms) = preSolution
		Debug|Any CPU = Debug|Any CPU
		Release|Any CPU = Release|Any CPU
	EndGlobalSection
	GlobalSection(ProjectConfigurationPlatforms) = postSolution
		{B91C2F7E-38B8-43B7-AFF9-AEB7EA6A9309}.Debug|Any CPU.ActiveCfg = Debug|Any CPU
		{B91C2F7E-38B8-43B7-AFF9-AEB7EA6A9309}.Debug|Any CPU.Build.0 = Debug|Any CPU
		{B91C2F7E-38B8-43B7-AFF9-AEB7EA6A9309}.Release|Any CPU.ActiveCfg = Release|Any CPU
		{B91C2F7E-38B8-43B7-AFF9-AEB7EA6A9309}.Release|Any CPU.Build.0 = Release|Any CPU
		{074AF54E-A8B0-4E41-8731-0ECE05717F13}.Debug|Any CPU.ActiveCfg = Debug|Any CPU
		{074AF54E-A8B0-4E41-8731-0ECE05717F13}.Debug|Any CPU.Build.0 = Debug|Any CPU
		{074AF54E-A8B0-4E41-8731-0ECE05717F13}.Release|Any CPU.ActiveCfg = Release|Any CPU
		{074AF54E-A8B0-4E41-8731-0ECE05717F13}.Release|Any CPU.Build.0 = Release|Any CPU
		{8FAD21A3-79C9-47CC-BA15-A89006D664AE}.Debug|Any CPU.ActiveCfg = Debug|Any CPU
		{8FAD21A3-79C9-47CC-BA15-A89006D664AE}.Debug|Any CPU.Build.0 = Debug|Any CPU
		{8FAD21A3-79C9-47CC-BA15-A89006D664AE}.Release|Any CPU.ActiveCfg = Release|Any CPU
		{8FAD21A3-79C9-47CC-BA15-A89006D664AE}.Release|Any CPU.Build.0 = Release|Any CPU
		{03BF5B6D-326B-4DD8-8CB6-B7BCED9229E7}.Debug|Any CPU.ActiveCfg = Debug|Any CPU
		{03BF5B6D-326B-4DD8-8CB6-B7BCED9229E7}.Debug|Any CPU.Build.0 = Debug|Any CPU
		{03BF5B6D-326B-4DD8-8CB6-B7BCED9229E7}.Release|Any CPU.ActiveCfg = Release|Any CPU
		{03BF5B6D-326B-4DD8-8CB6-B7BCED9229E7}.Release|Any CPU.Build.0 = Release|Any CPU
		{EF283763-D023-4B08-9889-77B49B8ADACC}.Debug|Any CPU.ActiveCfg = Debug|Any CPU
		{EF283763-D023-4B08-9889-77B49B8ADACC}.Debug|Any CPU.Build.0 = Debug|Any CPU
		{EF283763-D023-4B08-9889-77B49B8ADACC}.Release|Any CPU.ActiveCfg = Release|Any CPU
		{EF283763-D023-4B08-9889-77B49B8ADACC}.Release|Any CPU.Build.0 = Release|Any CPU
		{7919AA67-BAD5-44F5-B935-E3C1946FBA78}.Debug|Any CPU.ActiveCfg = Debug|Any CPU
		{7919AA67-BAD5-44F5-B935-E3C1946FBA78}.Debug|Any CPU.Build.0 = Debug|Any CPU
		{7919AA67-BAD5-44F5-B935-E3C1946FBA78}.Release|Any CPU.ActiveCfg = Release|Any CPU
		{7919AA67-BAD5-44F5-B935-E3C1946FBA78}.Release|Any CPU.Build.0 = Release|Any CPU
	EndGlobalSection
	GlobalSection(SolutionProperties) = preSolution
		HideSolutionNode = FALSE
	EndGlobalSection
	GlobalSection(NestedProjects) = preSolution
		{826CBAA6-DBCD-449D-8F69-6924E8C67A03} = {33F12BA3-C724-432D-A745-C5C9A5AF245C}
		{1C83EF02-B24A-4A18-9F9F-F9F873F36B2E} = {33F12BA3-C724-432D-A745-C5C9A5AF245C}
		{877D8192-9E9D-4BC3-B31D-8C76306A1C25} = {33F12BA3-C724-432D-A745-C5C9A5AF245C}
		{F96FB934-830A-4121-B1A5-3D3A8E6204EC} = {33F12BA3-C724-432D-A745-C5C9A5AF245C}
		{B91C2F7E-38B8-43B7-AFF9-AEB7EA6A9309} = {826CBAA6-DBCD-449D-8F69-6924E8C67A03}
		{074AF54E-A8B0-4E41-8731-0ECE05717F13} = {826CBAA6-DBCD-449D-8F69-6924E8C67A03}
		{8FAD21A3-79C9-47CC-BA15-A89006D664AE} = {1C83EF02-B24A-4A18-9F9F-F9F873F36B2E}
		{03BF5B6D-326B-4DD8-8CB6-B7BCED9229E7} = {1C83EF02-B24A-4A18-9F9F-F9F873F36B2E}
		{EF283763-D023-4B08-9889-77B49B8ADACC} = {F96FB934-830A-4121-B1A5-3D3A8E6204EC}
		{7919AA67-BAD5-44F5-B935-E3C1946FBA78} = {877D8192-9E9D-4BC3-B31D-8C76306A1C25}
	EndGlobalSection
	GlobalSection(ExtensibilityGlobals) = postSolution
		SolutionGuid = {C87E0237-FC63-40B1-9448-4941441BE652}
	EndGlobalSection
EndGlobal
